
Microsoft Visual Studio Solution File, Format Version 12.00
# Visual Studio 2013
VisualStudioVersion = 12.0.31101.0
MinimumVisualStudioVersion = 10.0.40219.1
Project("{2150E333-8FDC-42A3-9474-1A3956D46DE8}") = ".nuget", ".nuget", "{ADBE4A9F-AB17-4AD3-8807-7ABC7EC89292}"
	ProjectSection(SolutionItems) = preProject
		.nuget\NuGet.Config = .nuget\NuGet.Config
		.nuget\NuGet.exe = .nuget\NuGet.exe
		.nuget\NuGet.targets = .nuget\NuGet.targets
	EndProjectSection
EndProject
Project("{2150E333-8FDC-42A3-9474-1A3956D46DE8}") = "Assets", "Assets", "{CB25913C-0A33-43F1-AD99-3324D7FDB55D}"
	ProjectSection(SolutionItems) = preProject
		BizTalk.Extended.snk = BizTalk.Extended.snk
	EndProjectSection
EndProject
Project("{FAE04EC0-301F-11D3-BF4B-00C04F79EFBC}") = "BizTalk.Extended.Core", "BizTalk.Extended.Core\BizTalk.Extended.Core.csproj", "{DFE2EB21-14F3-4138-A4A9-83E4A6C44932}"
EndProject
Project("{2150E333-8FDC-42A3-9474-1A3956D46DE8}") = "Tests", "Tests", "{FBFEF9E2-F435-4A58-BDD8-D7BFABE12312}"
EndProject
Project("{FAE04EC0-301F-11D3-BF4B-00C04F79EFBC}") = "BizTalk.Extended.Core.UnitTests", "BizTalk.Extended.Core.UnitTests\BizTalk.Extended.Core.UnitTests.csproj", "{9F7F0D6D-0F39-4AE8-B4C2-1655DC638DBD}"
EndProject
Project("{FAE04EC0-301F-11D3-BF4B-00C04F79EFBC}") = "BizTalk.Extended.Orchestrations.Extensions", "BizTalk.Extended.Orchestrations.Extensions\BizTalk.Extended.Orchestrations.Extensions.csproj", "{8894C16D-0F6C-4BA8-9E07-95C4CA7C53EC}"
EndProject
Project("{FAE04EC0-301F-11D3-BF4B-00C04F79EFBC}") = "BizTalk.Extended.Pipelines.Extensions", "BizTalk.Extended.Pipelines.Extensions\BizTalk.Extended.Pipelines.Extensions.csproj", "{1AC3123A-5232-4753-904E-8AEBFC7A6BF6}"
EndProject
Project("{FAE04EC0-301F-11D3-BF4B-00C04F79EFBC}") = "BizTalk.Extended.Pipelines.Extensions.UnitTests", "BizTalk.Extended.Pipelines.Extensions.UnitTests\BizTalk.Extended.Pipelines.Extensions.UnitTests.csproj", "{1D5FA2F2-8351-41BF-9A13-B3757C280B27}"
EndProject
Project("{FAE04EC0-301F-11D3-BF4B-00C04F79EFBC}") = "BizTalk.Extended.Pipelines.Components", "BizTalk.Extended.Pipelines.Components\BizTalk.Extended.Pipelines.Components.csproj", "{618C69DF-4A42-42E6-BE92-BC4C728F161C}"
EndProject
Global
	GlobalSection(SolutionConfigurationPlatforms) = preSolution
		Debug|Any CPU = Debug|Any CPU
		Release|Any CPU = Release|Any CPU
	EndGlobalSection
	GlobalSection(ProjectConfigurationPlatforms) = postSolution
		{DFE2EB21-14F3-4138-A4A9-83E4A6C44932}.Debug|Any CPU.ActiveCfg = Debug|Any CPU
		{DFE2EB21-14F3-4138-A4A9-83E4A6C44932}.Debug|Any CPU.Build.0 = Debug|Any CPU
		{DFE2EB21-14F3-4138-A4A9-83E4A6C44932}.Release|Any CPU.ActiveCfg = Release|Any CPU
		{DFE2EB21-14F3-4138-A4A9-83E4A6C44932}.Release|Any CPU.Build.0 = Release|Any CPU
		{9F7F0D6D-0F39-4AE8-B4C2-1655DC638DBD}.Debug|Any CPU.ActiveCfg = Debug|Any CPU
		{9F7F0D6D-0F39-4AE8-B4C2-1655DC638DBD}.Debug|Any CPU.Build.0 = Debug|Any CPU
		{9F7F0D6D-0F39-4AE8-B4C2-1655DC638DBD}.Release|Any CPU.ActiveCfg = Release|Any CPU
		{9F7F0D6D-0F39-4AE8-B4C2-1655DC638DBD}.Release|Any CPU.Build.0 = Release|Any CPU
		{8894C16D-0F6C-4BA8-9E07-95C4CA7C53EC}.Debug|Any CPU.ActiveCfg = Debug|Any CPU
		{8894C16D-0F6C-4BA8-9E07-95C4CA7C53EC}.Debug|Any CPU.Build.0 = Debug|Any CPU
		{8894C16D-0F6C-4BA8-9E07-95C4CA7C53EC}.Release|Any CPU.ActiveCfg = Release|Any CPU
		{8894C16D-0F6C-4BA8-9E07-95C4CA7C53EC}.Release|Any CPU.Build.0 = Release|Any CPU
		{1AC3123A-5232-4753-904E-8AEBFC7A6BF6}.Debug|Any CPU.ActiveCfg = Debug|Any CPU
		{1AC3123A-5232-4753-904E-8AEBFC7A6BF6}.Debug|Any CPU.Build.0 = Debug|Any CPU
		{1AC3123A-5232-4753-904E-8AEBFC7A6BF6}.Release|Any CPU.ActiveCfg = Release|Any CPU
		{1AC3123A-5232-4753-904E-8AEBFC7A6BF6}.Release|Any CPU.Build.0 = Release|Any CPU
		{1D5FA2F2-8351-41BF-9A13-B3757C280B27}.Debug|Any CPU.ActiveCfg = Debug|Any CPU
		{1D5FA2F2-8351-41BF-9A13-B3757C280B27}.Debug|Any CPU.Build.0 = Debug|Any CPU
		{1D5FA2F2-8351-41BF-9A13-B3757C280B27}.Release|Any CPU.ActiveCfg = Release|Any CPU
		{1D5FA2F2-8351-41BF-9A13-B3757C280B27}.Release|Any CPU.Build.0 = Release|Any CPU
		{618C69DF-4A42-42E6-BE92-BC4C728F161C}.Debug|Any CPU.ActiveCfg = Debug|Any CPU
		{618C69DF-4A42-42E6-BE92-BC4C728F161C}.Debug|Any CPU.Build.0 = Debug|Any CPU
		{618C69DF-4A42-42E6-BE92-BC4C728F161C}.Release|Any CPU.ActiveCfg = Release|Any CPU
		{618C69DF-4A42-42E6-BE92-BC4C728F161C}.Release|Any CPU.Build.0 = Release|Any CPU
	EndGlobalSection
	GlobalSection(SolutionProperties) = preSolution
		HideSolutionNode = FALSE
	EndGlobalSection
	GlobalSection(NestedProjects) = preSolution
		{9F7F0D6D-0F39-4AE8-B4C2-1655DC638DBD} = {FBFEF9E2-F435-4A58-BDD8-D7BFABE12312}
		{1D5FA2F2-8351-41BF-9A13-B3757C280B27} = {FBFEF9E2-F435-4A58-BDD8-D7BFABE12312}
	EndGlobalSection
EndGlobal
